
Microsoft Visual Studio Solution File, Format Version 12.00
# Visual Studio Express 15 for Windows Desktop
VisualStudioVersion = 15.0.33403.129
MinimumVisualStudioVersion = 10.0.40219.1
Project("{FAE04EC0-301F-11D3-BF4B-00C04F79EFBC}") = "ClrTest_TestCs", "ClrTest_TestCs\ClrTest_TestCs.csproj", "{C5AD0CAD-6770-48E9-A1CA-7509CD12A7D4}"
	ProjectSection(ProjectDependencies) = postProject
		{CB196B1D-B5D0-457A-A737-99D6E7CCC9AC} = {CB196B1D-B5D0-457A-A737-99D6E7CCC9AC}
	EndProjectSection
EndProject
Project("{8BC9CEB8-8B4A-11D0-8D11-00A0C91BC942}") = "ClrTest", "ClrTest\ClrTest.vcxproj", "{CB196B1D-B5D0-457A-A737-99D6E7CCC9AC}"
EndProject
Project("{8BC9CEB8-8B4A-11D0-8D11-00A0C91BC942}") = "ClrTest_TestC", "ClrTest_TestC\ClrTest_TestC.vcxproj", "{629C10DB-6EAD-4289-A6E7-58DCD014FC70}"
	ProjectSection(ProjectDependencies) = postProject
		{CB196B1D-B5D0-457A-A737-99D6E7CCC9AC} = {CB196B1D-B5D0-457A-A737-99D6E7CCC9AC}
	EndProjectSection
EndProject
Global
	GlobalSection(SolutionConfigurationPlatforms) = preSolution
		Debug|x64 = Debug|x64
		Release|x64 = Release|x64
	EndGlobalSection
	GlobalSection(ProjectConfigurationPlatforms) = postSolution
		{C5AD0CAD-6770-48E9-A1CA-7509CD12A7D4}.Debug|x64.ActiveCfg = Debug|x64
		{C5AD0CAD-6770-48E9-A1CA-7509CD12A7D4}.Debug|x64.Build.0 = Debug|x64
		{C5AD0CAD-6770-48E9-A1CA-7509CD12A7D4}.Release|x64.ActiveCfg = Release|x64
		{C5AD0CAD-6770-48E9-A1CA-7509CD12A7D4}.Release|x64.Build.0 = Release|x64
		{CB196B1D-B5D0-457A-A737-99D6E7CCC9AC}.Debug|x64.ActiveCfg = Debug|x64
		{CB196B1D-B5D0-457A-A737-99D6E7CCC9AC}.Debug|x64.Build.0 = Debug|x64
		{CB196B1D-B5D0-457A-A737-99D6E7CCC9AC}.Release|x64.ActiveCfg = Release|x64
		{CB196B1D-B5D0-457A-A737-99D6E7CCC9AC}.Release|x64.Build.0 = Release|x64
		{629C10DB-6EAD-4289-A6E7-58DCD014FC70}.Debug|x64.ActiveCfg = Debug|x64
		{629C10DB-6EAD-4289-A6E7-58DCD014FC70}.Debug|x64.Build.0 = Debug|x64
		{629C10DB-6EAD-4289-A6E7-58DCD014FC70}.Release|x64.ActiveCfg = Release|x64
		{629C10DB-6EAD-4289-A6E7-58DCD014FC70}.Release|x64.Build.0 = Release|x64
	EndGlobalSection
	GlobalSection(SolutionProperties) = preSolution
		HideSolutionNode = FALSE
	EndGlobalSection
	GlobalSection(ExtensibilityGlobals) = postSolution
		SolutionGuid = {079119A9-7213-4C63-A0F2-AD5125CE0F9C}
	EndGlobalSection
EndGlobal
